{
    "name": "hudicolor",
    "version": "1.0.0",
    "lockfileVersion": 1,
    "requires": true,
    "dependencies": {
        "jquery": {
            "version": "3.6.0",
            "resolved": "https://registry.npmjs.org/jquery/-/jquery-3.6.0.tgz",
            "integrity": "sha512-JVzAR/AjBvVt2BmYhxRCSYysDsPcssdmTFnzyLEts9qNwmjmu4JTAMYubEfwVOSwpQ1I1sKKFcxhZCI2buerfw=="
        },
        "object-assign": {
            "version": "4.1.1",
            "resolved": "https://registry.npmjs.org/object-assign/-/object-assign-4.1.1.tgz",
            "integrity": "sha1-IQmtx5ZYh8/AXLvUQsrIv7s2CGM=",
            "dev": true
        },
        "owl.carousel2": {
            "version": "2.2.2",
            "resolved": "https://registry.npmjs.org/owl.carousel2/-/owl.carousel2-2.2.2.tgz",
            "integrity": "sha512-921RxBewuoM/g4Y/CxLrbYnhdOmA5f84/jMOekyr3yi752Jjc/T+QaWJdDJ8YiiaOuoli8XP/O4/YvWBSrUPdg==",
            "requires": {
                "jquery": ">=1.8.3"
            }
        },
        "parallax-js": {
            "version": "3.1.0",
            "resolved": "https://registry.npmjs.org/parallax-js/-/parallax-js-3.1.0.tgz",
            "integrity": "sha512-UONoPKSQykeNvFcemDPxYYDU/T89LSffoaZAwOMhDp0ABhmFPwthgn2GrfB7An9Qo+8nPZIuQeZsh2pWn1qN3A==",
            "dev": true,
            "requires": {
                "object-assign": "^4.1.1",
                "raf": "^3.3.0"
            }
        },
        "performance-now": {
            "version": "2.1.0",
            "resolved": "https://registry.npmjs.org/performance-now/-/performance-now-2.1.0.tgz",
            "integrity": "sha1-Ywn04OX6kT7BxpMHrjZLSzd8nns=",
            "dev": true
        },
        "raf": {
            "version": "3.4.1",
            "resolved": "https://registry.npmjs.org/raf/-/raf-3.4.1.tgz",
            "integrity": "sha512-Sq4CW4QhwOHE8ucn6J34MqtZCeWFP2aQSmrlroYgqAV1PjStIhJXxYuTgUIfkEk7zTLjmIjLmU5q+fbD1NnOJA==",
            "dev": true,
            "requires": {
                "performance-now": "^2.1.0"
            }
        }
    }
}
